
Microsoft Visual Studio Solution File, Format Version 12.00
# Visual Studio Version 16
VisualStudioVersion = 16.0.33130.400
MinimumVisualStudioVersion = 10.0.40219.1
Project("{FAE04EC0-301F-11D3-BF4B-00C04F79EFBC}") = "Курс БД", "Курс БД\Курс БД.csproj", "{A97C594A-48AD-498E-9DBD-A8C0388DF00D}"
EndProject
Global
	GlobalSection(SolutionConfigurationPlatforms) = preSolution
		Debug|Any CPU = Debug|Any CPU
		Release|Any CPU = Release|Any CPU
	EndGlobalSection
	GlobalSection(ProjectConfigurationPlatforms) = postSolution
		{A97C594A-48AD-498E-9DBD-A8C0388DF00D}.Debug|Any CPU.ActiveCfg = Debug|Any CPU
		{A97C594A-48AD-498E-9DBD-A8C0388DF00D}.Debug|Any CPU.Build.0 = Debug|Any CPU
		{A97C594A-48AD-498E-9DBD-A8C0388DF00D}.Release|Any CPU.ActiveCfg = Release|Any CPU
		{A97C594A-48AD-498E-9DBD-A8C0388DF00D}.Release|Any CPU.Build.0 = Release|Any CPU
	EndGlobalSection
	GlobalSection(SolutionProperties) = preSolution
		HideSolutionNode = FALSE
	EndGlobalSection
	GlobalSection(ExtensibilityGlobals) = postSolution
		SolutionGuid = {E9D7801F-1C50-4397-A272-89891D68C08F}
	EndGlobalSection
EndGlobal
